
Microsoft Visual Studio Solution File, Format Version 12.00
# Visual Studio Version 17
VisualStudioVersion = 17.0.31903.59
MinimumVisualStudioVersion = 10.0.40219.1
Project("{FAE04EC0-301F-11D3-BF4B-00C04F79EFBC}") = "MyoTrack.Domain", "MyoTrack.Domain\MyoTrack.Domain.csproj", "{B0F69D53-FD36-452D-896F-BD45DACDABD9}"
EndProject
Project("{FAE04EC0-301F-11D3-BF4B-00C04F79EFBC}") = "MyoTrack.Infrastructure", "MyoTrack.Infrastructure\MyoTrack.Infrastructure.csproj", "{18C6C029-B4B3-46FD-A864-EC1F7102DB71}"
EndProject
Project("{FAE04EC0-301F-11D3-BF4B-00C04F79EFBC}") = "MyoTrack.Api", "MyoTrack.Api\MyoTrack.Api.csproj", "{000A9831-DB05-4E1B-88A1-B7522372D2FC}"
EndProject
Project("{FAE04EC0-301F-11D3-BF4B-00C04F79EFBC}") = "MyoTrack.Worker", "MyoTrack.Worker\MyoTrack.Worker.csproj", "{C7D0BB2C-2CD1-4715-98F2-7B56476AF298}"
EndProject
Global
	GlobalSection(SolutionConfigurationPlatforms) = preSolution
		Debug|Any CPU = Debug|Any CPU
		Debug|x64 = Debug|x64
		Debug|x86 = Debug|x86
		Release|Any CPU = Release|Any CPU
		Release|x64 = Release|x64
		Release|x86 = Release|x86
	EndGlobalSection
	GlobalSection(ProjectConfigurationPlatforms) = postSolution
		{B0F69D53-FD36-452D-896F-BD45DACDABD9}.Debug|Any CPU.ActiveCfg = Debug|Any CPU
		{B0F69D53-FD36-452D-896F-BD45DACDABD9}.Debug|Any CPU.Build.0 = Debug|Any CPU
		{B0F69D53-FD36-452D-896F-BD45DACDABD9}.Debug|x64.ActiveCfg = Debug|Any CPU
		{B0F69D53-FD36-452D-896F-BD45DACDABD9}.Debug|x64.Build.0 = Debug|Any CPU
		{B0F69D53-FD36-452D-896F-BD45DACDABD9}.Debug|x86.ActiveCfg = Debug|Any CPU
		{B0F69D53-FD36-452D-896F-BD45DACDABD9}.Debug|x86.Build.0 = Debug|Any CPU
		{B0F69D53-FD36-452D-896F-BD45DACDABD9}.Release|Any CPU.ActiveCfg = Release|Any CPU
		{B0F69D53-FD36-452D-896F-BD45DACDABD9}.Release|Any CPU.Build.0 = Release|Any CPU
		{B0F69D53-FD36-452D-896F-BD45DACDABD9}.Release|x64.ActiveCfg = Release|Any CPU
		{B0F69D53-FD36-452D-896F-BD45DACDABD9}.Release|x64.Build.0 = Release|Any CPU
		{B0F69D53-FD36-452D-896F-BD45DACDABD9}.Release|x86.ActiveCfg = Release|Any CPU
		{B0F69D53-FD36-452D-896F-BD45DACDABD9}.Release|x86.Build.0 = Release|Any CPU
		{18C6C029-B4B3-46FD-A864-EC1F7102DB71}.Debug|Any CPU.ActiveCfg = Debug|Any CPU
		{18C6C029-B4B3-46FD-A864-EC1F7102DB71}.Debug|Any CPU.Build.0 = Debug|Any CPU
		{18C6C029-B4B3-46FD-A864-EC1F7102DB71}.Debug|x64.ActiveCfg = Debug|Any CPU
		{18C6C029-B4B3-46FD-A864-EC1F7102DB71}.Debug|x64.Build.0 = Debug|Any CPU
		{18C6C029-B4B3-46FD-A864-EC1F7102DB71}.Debug|x86.ActiveCfg = Debug|Any CPU
		{18C6C029-B4B3-46FD-A864-EC1F7102DB71}.Debug|x86.Build.0 = Debug|Any CPU
		{18C6C029-B4B3-46FD-A864-EC1F7102DB71}.Release|Any CPU.ActiveCfg = Release|Any CPU
		{18C6C029-B4B3-46FD-A864-EC1F7102DB71}.Release|Any CPU.Build.0 = Release|Any CPU
		{18C6C029-B4B3-46FD-A864-EC1F7102DB71}.Release|x64.ActiveCfg = Release|Any CPU
		{18C6C029-B4B3-46FD-A864-EC1F7102DB71}.Release|x64.Build.0 = Release|Any CPU
		{18C6C029-B4B3-46FD-A864-EC1F7102DB71}.Release|x86.ActiveCfg = Release|Any CPU
		{18C6C029-B4B3-46FD-A864-EC1F7102DB71}.Release|x86.Build.0 = Release|Any CPU
		{000A9831-DB05-4E1B-88A1-B7522372D2FC}.Debug|Any CPU.ActiveCfg = Debug|Any CPU
		{000A9831-DB05-4E1B-88A1-B7522372D2FC}.Debug|Any CPU.Build.0 = Debug|Any CPU
		{000A9831-DB05-4E1B-88A1-B7522372D2FC}.Debug|x64.ActiveCfg = Debug|Any CPU
		{000A9831-DB05-4E1B-88A1-B7522372D2FC}.Debug|x64.Build.0 = Debug|Any CPU
		{000A9831-DB05-4E1B-88A1-B7522372D2FC}.Debug|x86.ActiveCfg = Debug|Any CPU
		{000A9831-DB05-4E1B-88A1-B7522372D2FC}.Debug|x86.Build.0 = Debug|Any CPU
		{000A9831-DB05-4E1B-88A1-B7522372D2FC}.Release|Any CPU.ActiveCfg = Release|Any CPU
		{000A9831-DB05-4E1B-88A1-B7522372D2FC}.Release|Any CPU.Build.0 = Release|Any CPU
		{000A9831-DB05-4E1B-88A1-B7522372D2FC}.Release|x64.ActiveCfg = Release|Any CPU
		{000A9831-DB05-4E1B-88A1-B7522372D2FC}.Release|x64.Build.0 = Release|Any CPU
		{000A9831-DB05-4E1B-88A1-B7522372D2FC}.Release|x86.ActiveCfg = Release|Any CPU
		{000A9831-DB05-4E1B-88A1-B7522372D2FC}.Release|x86.Build.0 = Release|Any CPU
		{C7D0BB2C-2CD1-4715-98F2-7B56476AF298}.Debug|Any CPU.ActiveCfg = Debug|Any CPU
		{C7D0BB2C-2CD1-4715-98F2-7B56476AF298}.Debug|Any CPU.Build.0 = Debug|Any CPU
		{C7D0BB2C-2CD1-4715-98F2-7B56476AF298}.Debug|x64.ActiveCfg = Debug|Any CPU
		{C7D0BB2C-2CD1-4715-98F2-7B56476AF298}.Debug|x64.Build.0 = Debug|Any CPU
		{C7D0BB2C-2CD1-4715-98F2-7B56476AF298}.Debug|x86.ActiveCfg = Debug|Any CPU
		{C7D0BB2C-2CD1-4715-98F2-7B56476AF298}.Debug|x86.Build.0 = Debug|Any CPU
		{C7D0BB2C-2CD1-4715-98F2-7B56476AF298}.Release|Any CPU.ActiveCfg = Release|Any CPU
		{C7D0BB2C-2CD1-4715-98F2-7B56476AF298}.Release|Any CPU.Build.0 = Release|Any CPU
		{C7D0BB2C-2CD1-4715-98F2-7B56476AF298}.Release|x64.ActiveCfg = Release|Any CPU
		{C7D0BB2C-2CD1-4715-98F2-7B56476AF298}.Release|x64.Build.0 = Release|Any CPU
		{C7D0BB2C-2CD1-4715-98F2-7B56476AF298}.Release|x86.ActiveCfg = Release|Any CPU
		{C7D0BB2C-2CD1-4715-98F2-7B56476AF298}.Release|x86.Build.0 = Release|Any CPU
	EndGlobalSection
	GlobalSection(SolutionProperties) = preSolution
		HideSolutionNode = FALSE
	EndGlobalSection
EndGlobal
